// !$*UTF8*$!
{
	archiveVersion = 1;
	classes = {
	};
	objectVersion = 63;
	objects = {

/* Begin PBXBuildFile section */
		00573431EEE0AE0EAD654974 /* UIKit.framework in Frameworks */ = {isa = PBXBuildFile; fileRef = 43181FFF84B84B6A188DB564 /* UIKit.framework */; };
		011F16071A697CE60602E0C6 /* Metal.framework in Frameworks */ = {isa = PBXBuildFile; fileRef = 69527279696933741D186CCD /* Metal.framework */; };
		079648FB8DA0019BF2B86A7D /* MetalKit.framework in Frameworks */ = {isa = PBXBuildFile; fileRef = 48F13CFD95363E747DF1FD88 /* MetalKit.framework */; };
		0B3C2015CA61E7094094CF7B /* Roboto-Regular.ttf in Resources */ = {isa = PBXBuildFile; fileRef = 9F1A2DB8981597C9662D9F39 /* Roboto-Regular.ttf */; };
		1E9FEF630CA4EB36435126DB /* QuartzCore.framework in Frameworks */ = {isa = PBXBuildFile; fileRef = A94A865152423F5A96D9D731 /* QuartzCore.framework */; };
		1FC79F0D9AA2DDCB12BC6EFF /* Foundation.framework in Frameworks */ = {isa = PBXBuildFile; fileRef = FBF5F96790FDE02C35FE6E5E /* Foundation.framework */; };
		266A855EFE3DADF43D37A44B /* SkiaRenderer.mm in Sources */ = {isa = PBXBuildFile; fileRef = 6E07CB799668A91DF9EA4CB2 /* SkiaRenderer.mm */; };
		2B8CA575E5AEA7497DC1E82B /* SkiaMetalView.swift in Sources */ = {isa = PBXBuildFile; fileRef = B07295E0B4BBC6A43E2C5C39 /* SkiaMetalView.swift */; };
		3E4998FDCA9EF6CFDF7AD886 /* ViewController.swift in Sources */ = {isa = PBXBuildFile; fileRef = 43C8C15D3692368B4406CDBA /* ViewController.swift */; };
		6DB9848C3B7A1253FCA4E8C0 /* TextRenderer.cpp in Sources */ = {isa = PBXBuildFile; fileRef = 97F565C2EBD9603F1F2E7903 /* TextRenderer.cpp */; };
		7AB2C32400946BE83B3364FC /* SceneDelegate.swift in Sources */ = {isa = PBXBuildFile; fileRef = 7BD852A0DE3080F73CD9A536 /* SceneDelegate.swift */; };
		7D030FF5A59625B2BDD7F882 /* AppDelegate.swift in Sources */ = {isa = PBXBuildFile; fileRef = DB1DB128C75DC6DE1A7E9F61 /* AppDelegate.swift */; };
		9A9826B9549EAB51E746C3ED /* FontManager.cpp in Sources */ = {isa = PBXBuildFile; fileRef = 84B37D1F6AB62001CB82D0B6 /* FontManager.cpp */; };
		AE34B733379B38BD8E06085B /* Roboto-Bold.ttf in Resources */ = {isa = PBXBuildFile; fileRef = 1CFDBBC2A2F43089B99ABD10 /* Roboto-Bold.ttf */; };
		BEA2AB4F7374605C2B05FC79 /* PlayfairDisplay-Italic.ttf in Resources */ = {isa = PBXBuildFile; fileRef = E2EAEDC006FDECE0FB246EC3 /* PlayfairDisplay-Italic.ttf */; };
		C24F33441DFCEF813812CE08 /* PlayfairDisplay-Regular.ttf in Resources */ = {isa = PBXBuildFile; fileRef = 2FD8E302E82D0DFBE3142558 /* PlayfairDisplay-Regular.ttf */; };
		E6433F4FC234E29F079913C5 /* CoreText.framework in Frameworks */ = {isa = PBXBuildFile; fileRef = 2AB17FCB472973A3C652829D /* CoreText.framework */; };
		FA0D05D788A6C5FA5448F9C1 /* CoreGraphics.framework in Frameworks */ = {isa = PBXBuildFile; fileRef = 9445CDC6C5FA1F36C111D62B /* CoreGraphics.framework */; };
/* End PBXBuildFile section */

/* Begin PBXFileReference section */
		1CFDBBC2A2F43089B99ABD10 /* Roboto-Bold.ttf */ = {isa = PBXFileReference; lastKnownFileType = file; path = "Roboto-Bold.ttf"; sourceTree = "<group>"; };
		2AB17FCB472973A3C652829D /* CoreText.framework */ = {isa = PBXFileReference; lastKnownFileType = wrapper.framework; name = CoreText.framework; path = System/Library/Frameworks/CoreText.framework; sourceTree = SDKROOT; };
		2B39AC2C469D0AFC7AEBE349 /* SkiaTextPoc.app */ = {isa = PBXFileReference; explicitFileType = wrapper.application; includeInIndex = 0; path = SkiaTextPoc.app; sourceTree = BUILT_PRODUCTS_DIR; };
		2FD8E302E82D0DFBE3142558 /* PlayfairDisplay-Regular.ttf */ = {isa = PBXFileReference; lastKnownFileType = file; path = "PlayfairDisplay-Regular.ttf"; sourceTree = "<group>"; };
		43181FFF84B84B6A188DB564 /* UIKit.framework */ = {isa = PBXFileReference; lastKnownFileType = wrapper.framework; name = UIKit.framework; path = System/Library/Frameworks/UIKit.framework; sourceTree = SDKROOT; };
		43C8C15D3692368B4406CDBA /* ViewController.swift */ = {isa = PBXFileReference; lastKnownFileType = sourcecode.swift; path = ViewController.swift; sourceTree = "<group>"; };
		47FB89B61B74581CAC9AAED2 /* SkiaTextPoc-Bridging-Header.h */ = {isa = PBXFileReference; lastKnownFileType = sourcecode.c.h; path = "SkiaTextPoc-Bridging-Header.h"; sourceTree = "<group>"; };
		48F13CFD95363E747DF1FD88 /* MetalKit.framework */ = {isa = PBXFileReference; lastKnownFileType = wrapper.framework; name = MetalKit.framework; path = System/Library/Frameworks/MetalKit.framework; sourceTree = SDKROOT; };
		69527279696933741D186CCD /* Metal.framework */ = {isa = PBXFileReference; lastKnownFileType = wrapper.framework; name = Metal.framework; path = System/Library/Frameworks/Metal.framework; sourceTree = SDKROOT; };
		6E07CB799668A91DF9EA4CB2 /* SkiaRenderer.mm */ = {isa = PBXFileReference; lastKnownFileType = sourcecode.cpp.objcpp; path = SkiaRenderer.mm; sourceTree = "<group>"; };
		7BD852A0DE3080F73CD9A536 /* SceneDelegate.swift */ = {isa = PBXFileReference; lastKnownFileType = sourcecode.swift; path = SceneDelegate.swift; sourceTree = "<group>"; };
		84B37D1F6AB62001CB82D0B6 /* FontManager.cpp */ = {isa = PBXFileReference; lastKnownFileType = sourcecode.cpp.cpp; path = FontManager.cpp; sourceTree = "<group>"; };
		9445CDC6C5FA1F36C111D62B /* CoreGraphics.framework */ = {isa = PBXFileReference; lastKnownFileType = wrapper.framework; name = CoreGraphics.framework; path = System/Library/Frameworks/CoreGraphics.framework; sourceTree = SDKROOT; };
		97F565C2EBD9603F1F2E7903 /* TextRenderer.cpp */ = {isa = PBXFileReference; lastKnownFileType = sourcecode.cpp.cpp; path = TextRenderer.cpp; sourceTree = "<group>"; };
		9F1A2DB8981597C9662D9F39 /* Roboto-Regular.ttf */ = {isa = PBXFileReference; lastKnownFileType = file; path = "Roboto-Regular.ttf"; sourceTree = "<group>"; };
		A246049D61687F61B19E008C /* Info.plist */ = {isa = PBXFileReference; lastKnownFileType = text.plist; path = Info.plist; sourceTree = "<group>"; };
		A94A865152423F5A96D9D731 /* QuartzCore.framework */ = {isa = PBXFileReference; lastKnownFileType = wrapper.framework; name = QuartzCore.framework; path = System/Library/Frameworks/QuartzCore.framework; sourceTree = SDKROOT; };
		B07295E0B4BBC6A43E2C5C39 /* SkiaMetalView.swift */ = {isa = PBXFileReference; lastKnownFileType = sourcecode.swift; path = SkiaMetalView.swift; sourceTree = "<group>"; };
		DB1DB128C75DC6DE1A7E9F61 /* AppDelegate.swift */ = {isa = PBXFileReference; lastKnownFileType = sourcecode.swift; path = AppDelegate.swift; sourceTree = "<group>"; };
		E2EAEDC006FDECE0FB246EC3 /* PlayfairDisplay-Italic.ttf */ = {isa = PBXFileReference; lastKnownFileType = file; path = "PlayfairDisplay-Italic.ttf"; sourceTree = "<group>"; };
		FBF5F96790FDE02C35FE6E5E /* Foundation.framework */ = {isa = PBXFileReference; lastKnownFileType = wrapper.framework; name = Foundation.framework; path = System/Library/Frameworks/Foundation.framework; sourceTree = SDKROOT; };
/* End PBXFileReference section */

/* Begin PBXFrameworksBuildPhase section */
		A6A4087467DE92256076DC46 /* Frameworks */ = {
			isa = PBXFrameworksBuildPhase;
			buildActionMask = 2147483647;
			files = (
				011F16071A697CE60602E0C6 /* Metal.framework in Frameworks */,
				079648FB8DA0019BF2B86A7D /* MetalKit.framework in Frameworks */,
				1E9FEF630CA4EB36435126DB /* QuartzCore.framework in Frameworks */,
				FA0D05D788A6C5FA5448F9C1 /* CoreGraphics.framework in Frameworks */,
				E6433F4FC234E29F079913C5 /* CoreText.framework in Frameworks */,
				1FC79F0D9AA2DDCB12BC6EFF /* Foundation.framework in Frameworks */,
				00573431EEE0AE0EAD654974 /* UIKit.framework in Frameworks */,
			);
			runOnlyForDeploymentPostprocessing = 0;
		};
/* End PBXFrameworksBuildPhase section */

/* Begin PBXGroup section */
		00E9598FC5709F3FE153E2C9 /* Products */ = {
			isa = PBXGroup;
			children = (
				2B39AC2C469D0AFC7AEBE349 /* SkiaTextPoc.app */,
			);
			name = Products;
			sourceTree = "<group>";
		};
		09EFE47326E74DDFBD20E96C /* Core */ = {
			isa = PBXGroup;
			children = (
				84B37D1F6AB62001CB82D0B6 /* FontManager.cpp */,
				97F565C2EBD9603F1F2E7903 /* TextRenderer.cpp */,
			);
			name = Core;
			path = ../../src;
			sourceTree = "<group>";
		};
		3654936E440CF23F5EF54DEF /* fonts */ = {
			isa = PBXGroup;
			children = (
				E2EAEDC006FDECE0FB246EC3 /* PlayfairDisplay-Italic.ttf */,
				2FD8E302E82D0DFBE3142558 /* PlayfairDisplay-Regular.ttf */,
				1CFDBBC2A2F43089B99ABD10 /* Roboto-Bold.ttf */,
				9F1A2DB8981597C9662D9F39 /* Roboto-Regular.ttf */,
			);
			name = fonts;
			path = ../../assets/fonts;
			sourceTree = "<group>";
		};
		3A92D6A2C0FADF185AD4D88D /* SkiaTextPoc */ = {
			isa = PBXGroup;
			children = (
				DB1DB128C75DC6DE1A7E9F61 /* AppDelegate.swift */,
				A246049D61687F61B19E008C /* Info.plist */,
				7BD852A0DE3080F73CD9A536 /* SceneDelegate.swift */,
				B07295E0B4BBC6A43E2C5C39 /* SkiaMetalView.swift */,
				47FB89B61B74581CAC9AAED2 /* SkiaTextPoc-Bridging-Header.h */,
				43C8C15D3692368B4406CDBA /* ViewController.swift */,
			);
			path = SkiaTextPoc;
			sourceTree = "<group>";
		};
		5000887FC5A394BED2C5EA8F = {
			isa = PBXGroup;
			children = (
				09EFE47326E74DDFBD20E96C /* Core */,
				3654936E440CF23F5EF54DEF /* fonts */,
				E5A1FF4E617AF74ADA4C115E /* ios */,
				3A92D6A2C0FADF185AD4D88D /* SkiaTextPoc */,
				D26349205C484F25E5FAC248 /* Frameworks */,
				00E9598FC5709F3FE153E2C9 /* Products */,
			);
			sourceTree = "<group>";
		};
		D26349205C484F25E5FAC248 /* Frameworks */ = {
			isa = PBXGroup;
			children = (
				9445CDC6C5FA1F36C111D62B /* CoreGraphics.framework */,
				2AB17FCB472973A3C652829D /* CoreText.framework */,
				FBF5F96790FDE02C35FE6E5E /* Foundation.framework */,
				69527279696933741D186CCD /* Metal.framework */,
				48F13CFD95363E747DF1FD88 /* MetalKit.framework */,
				A94A865152423F5A96D9D731 /* QuartzCore.framework */,
				43181FFF84B84B6A188DB564 /* UIKit.framework */,
			);
			name = Frameworks;
			sourceTree = "<group>";
		};
		E5A1FF4E617AF74ADA4C115E /* ios */ = {
			isa = PBXGroup;
			children = (
				6E07CB799668A91DF9EA4CB2 /* SkiaRenderer.mm */,
			);
			name = ios;
			path = ../../platform/ios;
			sourceTree = "<group>";
		};
/* End PBXGroup section */

/* Begin PBXNativeTarget section */
		DED98090E7B8C09569B18651 /* SkiaTextPoc */ = {
			isa = PBXNativeTarget;
			buildConfigurationList = DE1C899DD0BF98F5A36E1781 /* Build configuration list for PBXNativeTarget "SkiaTextPoc" */;
			buildPhases = (
				1DF534B5903D3A2F5A4FE828 /* Sources */,
				4AD1B16B65B6E7CA72E2468D /* Resources */,
				A6A4087467DE92256076DC46 /* Frameworks */,
			);
			buildRules = (
			);
			dependencies = (
			);
			name = SkiaTextPoc;
			packageProductDependencies = (
			);
			productName = SkiaTextPoc;
			productReference = 2B39AC2C469D0AFC7AEBE349 /* SkiaTextPoc.app */;
			productType = "com.apple.product-type.application";
		};
/* End PBXNativeTarget section */

/* Begin PBXProject section */
		E5FD3646CA8D81BCAE9961FA /* Project object */ = {
			isa = PBXProject;
			attributes = {
				BuildIndependentTargetsInParallel = YES;
				LastUpgradeCheck = 1500;
				TargetAttributes = {
					DED98090E7B8C09569B18651 = {
						ProvisioningStyle = Automatic;
					};
				};
			};
			buildConfigurationList = 85D99F649FFDCFAAAF1F1182 /* Build configuration list for PBXProject "SkiaTextPoc" */;
			compatibilityVersion = "Xcode 14.0";
			developmentRegion = en;
			hasScannedForEncodings = 0;
			knownRegions = (
				Base,
				en,
			);
			mainGroup = 5000887FC5A394BED2C5EA8F;
			minimizedProjectReferenceProxies = 1;
			projectDirPath = "";
			projectRoot = "";
			targets = (
				DED98090E7B8C09569B18651 /* SkiaTextPoc */,
			);
		};
/* End PBXProject section */

/* Begin PBXResourcesBuildPhase section */
		4AD1B16B65B6E7CA72E2468D /* Resources */ = {
			isa = PBXResourcesBuildPhase;
			buildActionMask = 2147483647;
			files = (
				BEA2AB4F7374605C2B05FC79 /* PlayfairDisplay-Italic.ttf in Resources */,
				C24F33441DFCEF813812CE08 /* PlayfairDisplay-Regular.ttf in Resources */,
				AE34B733379B38BD8E06085B /* Roboto-Bold.ttf in Resources */,
				0B3C2015CA61E7094094CF7B /* Roboto-Regular.ttf in Resources */,
			);
			runOnlyForDeploymentPostprocessing = 0;
		};
/* End PBXResourcesBuildPhase section */

/* Begin PBXSourcesBuildPhase section */
		1DF534B5903D3A2F5A4FE828 /* Sources */ = {
			isa = PBXSourcesBuildPhase;
			buildActionMask = 2147483647;
			files = (
				7D030FF5A59625B2BDD7F882 /* AppDelegate.swift in Sources */,
				9A9826B9549EAB51E746C3ED /* FontManager.cpp in Sources */,
				7AB2C32400946BE83B3364FC /* SceneDelegate.swift in Sources */,
				2B8CA575E5AEA7497DC1E82B /* SkiaMetalView.swift in Sources */,
				266A855EFE3DADF43D37A44B /* SkiaRenderer.mm in Sources */,
				6DB9848C3B7A1253FCA4E8C0 /* TextRenderer.cpp in Sources */,
				3E4998FDCA9EF6CFDF7AD886 /* ViewController.swift in Sources */,
			);
			runOnlyForDeploymentPostprocessing = 0;
		};
/* End PBXSourcesBuildPhase section */

/* Begin XCBuildConfiguration section */
		35DDBC3FAC1D147F2AF5ED05 /* Debug */ = {
			isa = XCBuildConfiguration;
			buildSettings = {
				ARCHS = arm64;
				ASSETCATALOG_COMPILER_APPICON_NAME = AppIcon;
				CODE_SIGN_IDENTITY = "iPhone Developer";
				CODE_SIGN_STYLE = Automatic;
				DEVELOPMENT_TEAM = 2KTH6GD2XS;
				"EXCLUDED_ARCHS[sdk=iphonesimulator*]" = "arm64 x86_64";
				INFOPLIST_FILE = SkiaTextPoc/Info.plist;
				LD_RUNPATH_SEARCH_PATHS = (
					"$(inherited)",
					"@executable_path/Frameworks",
				);
				LIBRARY_SEARCH_PATHS = "$(SRCROOT)/../../third_party/skia-libs/ios-arm64";
				ONLY_ACTIVE_ARCH = NO;
				PRODUCT_BUNDLE_IDENTIFIER = com.skia.textpoc;
				SDKROOT = iphoneos;
				TARGETED_DEVICE_FAMILY = "1,2";
			};
			name = Debug;
		};
		62B44D0E33138298E6CEC421 /* Release */ = {
			isa = XCBuildConfiguration;
			buildSettings = {
				ARCHS = arm64;
				ASSETCATALOG_COMPILER_APPICON_NAME = AppIcon;
				CODE_SIGN_IDENTITY = "iPhone Developer";
				CODE_SIGN_STYLE = Automatic;
				DEVELOPMENT_TEAM = 2KTH6GD2XS;
				"EXCLUDED_ARCHS[sdk=iphonesimulator*]" = "arm64 x86_64";
				INFOPLIST_FILE = SkiaTextPoc/Info.plist;
				LD_RUNPATH_SEARCH_PATHS = (
					"$(inherited)",
					"@executable_path/Frameworks",
				);
				LIBRARY_SEARCH_PATHS = "$(SRCROOT)/../../third_party/skia-libs/ios-arm64";
				ONLY_ACTIVE_ARCH = NO;
				PRODUCT_BUNDLE_IDENTIFIER = com.skia.textpoc;
				SDKROOT = iphoneos;
				TARGETED_DEVICE_FAMILY = "1,2";
			};
			name = Release;
		};
		B11B19FCB7EE77FD8DD0B788 /* Release */ = {
			isa = XCBuildConfiguration;
			buildSettings = {
				ALWAYS_SEARCH_USER_PATHS = NO;
				CLANG_ANALYZER_NONNULL = YES;
				CLANG_ANALYZER_NUMBER_OBJECT_CONVERSION = YES_AGGRESSIVE;
				CLANG_CXX_LANGUAGE_STANDARD = "c++17";
				CLANG_CXX_LIBRARY = "libc++";
				CLANG_ENABLE_MODULES = YES;
				CLANG_ENABLE_OBJC_ARC = YES;
				CLANG_ENABLE_OBJC_WEAK = YES;
				CLANG_WARN_BLOCK_CAPTURE_AUTORELEASING = YES;
				CLANG_WARN_BOOL_CONVERSION = YES;
				CLANG_WARN_COMMA = YES;
				CLANG_WARN_CONSTANT_CONVERSION = YES;
				CLANG_WARN_DEPRECATED_OBJC_IMPLEMENTATIONS = YES;
				CLANG_WARN_DIRECT_OBJC_ISA_USAGE = YES_ERROR;
				CLANG_WARN_DOCUMENTATION_COMMENTS = YES;
				CLANG_WARN_EMPTY_BODY = YES;
				CLANG_WARN_ENUM_CONVERSION = YES;
				CLANG_WARN_INFINITE_RECURSION = YES;
				CLANG_WARN_INT_CONVERSION = YES;
				CLANG_WARN_NON_LITERAL_NULL_CONVERSION = YES;
				CLANG_WARN_OBJC_IMPLICIT_RETAIN_SELF = YES;
				CLANG_WARN_OBJC_LITERAL_CONVERSION = YES;
				CLANG_WARN_OBJC_ROOT_CLASS = YES_ERROR;
				CLANG_WARN_QUOTED_INCLUDE_IN_FRAMEWORK_HEADER = YES;
				CLANG_WARN_RANGE_LOOP_ANALYSIS = YES;
				CLANG_WARN_STRICT_PROTOTYPES = YES;
				CLANG_WARN_SUSPICIOUS_MOVE = YES;
				CLANG_WARN_UNGUARDED_AVAILABILITY = YES_AGGRESSIVE;
				CLANG_WARN_UNREACHABLE_CODE = YES;
				CLANG_WARN__DUPLICATE_METHOD_MATCH = YES;
				COPY_PHASE_STRIP = NO;
				DEBUG_INFORMATION_FORMAT = "dwarf-with-dsym";
				ENABLE_NS_ASSERTIONS = NO;
				ENABLE_STRICT_OBJC_MSGSEND = YES;
				GCC_C_LANGUAGE_STANDARD = gnu11;
				GCC_NO_COMMON_BLOCKS = YES;
				GCC_PREPROCESSOR_DEFINITIONS = (
					"SK_METAL=1",
					"SK_GANESH=1",
				);
				GCC_WARN_64_TO_32_BIT_CONVERSION = YES;
				GCC_WARN_ABOUT_RETURN_TYPE = YES_ERROR;
				GCC_WARN_UNDECLARED_SELECTOR = YES;
				GCC_WARN_UNINITIALIZED_AUTOS = YES_AGGRESSIVE;
				GCC_WARN_UNUSED_FUNCTION = YES;
				GCC_WARN_UNUSED_VARIABLE = YES;
				HEADER_SEARCH_PATHS = (
					"$(SRCROOT)/../../third_party/skia",
					"$(SRCROOT)/../../third_party/skia/include",
					"$(SRCROOT)/../../third_party/skia/modules/skparagraph/include",
					"$(SRCROOT)/../../third_party/skia/modules/skunicode/include",
					"$(SRCROOT)/../../include",
					"$(SRCROOT)/../../platform/ios",
				);
				IPHONEOS_DEPLOYMENT_TARGET = 14.0;
				MTL_ENABLE_DEBUG_INFO = NO;
				MTL_FAST_MATH = YES;
				OTHER_LDFLAGS = (
					"-lc++",
					"-lskia",
					"-lskparagraph",
					"-lskshaper",
					"-lskunicode_core",
					"-lskunicode_icu",
					"-lharfbuzz",
					"-licu",
					"-lfreetype2",
					"-lpng",
					"-lzlib",
				);
				PRODUCT_NAME = "$(TARGET_NAME)";
				SDKROOT = iphoneos;
				SWIFT_COMPILATION_MODE = wholemodule;
				SWIFT_OBJC_BRIDGING_HEADER = "$(SRCROOT)/SkiaTextPoc/SkiaTextPoc-Bridging-Header.h";
				SWIFT_OPTIMIZATION_LEVEL = "-O";
				SWIFT_VERSION = 5.0;
			};
			name = Release;
		};
		C3799E768C5DBE29268FA3FB /* Debug */ = {
			isa = XCBuildConfiguration;
			buildSettings = {
				ALWAYS_SEARCH_USER_PATHS = NO;
				CLANG_ANALYZER_NONNULL = YES;
				CLANG_ANALYZER_NUMBER_OBJECT_CONVERSION = YES_AGGRESSIVE;
				CLANG_CXX_LANGUAGE_STANDARD = "c++17";
				CLANG_CXX_LIBRARY = "libc++";
				CLANG_ENABLE_MODULES = YES;
				CLANG_ENABLE_OBJC_ARC = YES;
				CLANG_ENABLE_OBJC_WEAK = YES;
				CLANG_WARN_BLOCK_CAPTURE_AUTORELEASING = YES;
				CLANG_WARN_BOOL_CONVERSION = YES;
				CLANG_WARN_COMMA = YES;
				CLANG_WARN_CONSTANT_CONVERSION = YES;
				CLANG_WARN_DEPRECATED_OBJC_IMPLEMENTATIONS = YES;
				CLANG_WARN_DIRECT_OBJC_ISA_USAGE = YES_ERROR;
				CLANG_WARN_DOCUMENTATION_COMMENTS = YES;
				CLANG_WARN_EMPTY_BODY = YES;
				CLANG_WARN_ENUM_CONVERSION = YES;
				CLANG_WARN_INFINITE_RECURSION = YES;
				CLANG_WARN_INT_CONVERSION = YES;
				CLANG_WARN_NON_LITERAL_NULL_CONVERSION = YES;
				CLANG_WARN_OBJC_IMPLICIT_RETAIN_SELF = YES;
				CLANG_WARN_OBJC_LITERAL_CONVERSION = YES;
				CLANG_WARN_OBJC_ROOT_CLASS = YES_ERROR;
				CLANG_WARN_QUOTED_INCLUDE_IN_FRAMEWORK_HEADER = YES;
				CLANG_WARN_RANGE_LOOP_ANALYSIS = YES;
				CLANG_WARN_STRICT_PROTOTYPES = YES;
				CLANG_WARN_SUSPICIOUS_MOVE = YES;
				CLANG_WARN_UNGUARDED_AVAILABILITY = YES_AGGRESSIVE;
				CLANG_WARN_UNREACHABLE_CODE = YES;
				CLANG_WARN__DUPLICATE_METHOD_MATCH = YES;
				COPY_PHASE_STRIP = NO;
				DEBUG_INFORMATION_FORMAT = dwarf;
				ENABLE_STRICT_OBJC_MSGSEND = YES;
				ENABLE_TESTABILITY = YES;
				GCC_C_LANGUAGE_STANDARD = gnu11;
				GCC_DYNAMIC_NO_PIC = NO;
				GCC_NO_COMMON_BLOCKS = YES;
				GCC_OPTIMIZATION_LEVEL = 0;
				GCC_PREPROCESSOR_DEFINITIONS = (
					"SK_METAL=1",
					"SK_GANESH=1",
				);
				GCC_WARN_64_TO_32_BIT_CONVERSION = YES;
				GCC_WARN_ABOUT_RETURN_TYPE = YES_ERROR;
				GCC_WARN_UNDECLARED_SELECTOR = YES;
				GCC_WARN_UNINITIALIZED_AUTOS = YES_AGGRESSIVE;
				GCC_WARN_UNUSED_FUNCTION = YES;
				GCC_WARN_UNUSED_VARIABLE = YES;
				HEADER_SEARCH_PATHS = (
					"$(SRCROOT)/../../third_party/skia",
					"$(SRCROOT)/../../third_party/skia/include",
					"$(SRCROOT)/../../third_party/skia/modules/skparagraph/include",
					"$(SRCROOT)/../../third_party/skia/modules/skunicode/include",
					"$(SRCROOT)/../../include",
					"$(SRCROOT)/../../platform/ios",
				);
				IPHONEOS_DEPLOYMENT_TARGET = 14.0;
				MTL_ENABLE_DEBUG_INFO = INCLUDE_SOURCE;
				MTL_FAST_MATH = YES;
				ONLY_ACTIVE_ARCH = YES;
				OTHER_LDFLAGS = (
					"-lc++",
					"-lskia",
					"-lskparagraph",
					"-lskshaper",
					"-lskunicode_core",
					"-lskunicode_icu",
					"-lharfbuzz",
					"-licu",
					"-lfreetype2",
					"-lpng",
					"-lzlib",
				);
				PRODUCT_NAME = "$(TARGET_NAME)";
				SDKROOT = iphoneos;
				SWIFT_ACTIVE_COMPILATION_CONDITIONS = DEBUG;
				SWIFT_OBJC_BRIDGING_HEADER = "$(SRCROOT)/SkiaTextPoc/SkiaTextPoc-Bridging-Header.h";
				SWIFT_OPTIMIZATION_LEVEL = "-Onone";
				SWIFT_VERSION = 5.0;
			};
			name = Debug;
		};
/* End XCBuildConfiguration section */

/* Begin XCConfigurationList section */
		85D99F649FFDCFAAAF1F1182 /* Build configuration list for PBXProject "SkiaTextPoc" */ = {
			isa = XCConfigurationList;
			buildConfigurations = (
				C3799E768C5DBE29268FA3FB /* Debug */,
				B11B19FCB7EE77FD8DD0B788 /* Release */,
			);
			defaultConfigurationIsVisible = 0;
			defaultConfigurationName = Debug;
		};
		DE1C899DD0BF98F5A36E1781 /* Build configuration list for PBXNativeTarget "SkiaTextPoc" */ = {
			isa = XCConfigurationList;
			buildConfigurations = (
				35DDBC3FAC1D147F2AF5ED05 /* Debug */,
				62B44D0E33138298E6CEC421 /* Release */,
			);
			defaultConfigurationIsVisible = 0;
			defaultConfigurationName = Debug;
		};
/* End XCConfigurationList section */
	};
	rootObject = E5FD3646CA8D81BCAE9961FA /* Project object */;
}
